
Microsoft Visual Studio Solution File, Format Version 12.00
# Visual Studio Version 17
VisualStudioVersion = 17.13.35818.85
MinimumVisualStudioVersion = 10.0.40219.1
Project("{FAE04EC0-301F-11D3-BF4B-00C04F79EFBC}") = "FoodReserve.API", "FoodReserve.API\FoodReserve.API.csproj", "{AE0BA6CA-B599-4577-94B6-E90A417D842A}"
EndProject
Project("{FAE04EC0-301F-11D3-BF4B-00C04F79EFBC}") = "FoodReserve.SharedLibrary", "FoodReserve.SharedLibrary\FoodReserve.SharedLibrary.csproj", "{3685614E-22B1-4BD7-8BB8-FE2818D11708}"
EndProject
Project("{FAE04EC0-301F-11D3-BF4B-00C04F79EFBC}") = "FoodReserve.AdminPortal", "FoodReserve.AdminPortal\FoodReserve.AdminPortal.csproj", "{7A95F9A6-0F78-4AE7-AD73-2D602201AB56}"
EndProject
Global
	GlobalSection(SolutionConfigurationPlatforms) = preSolution
		Debug|Any CPU = Debug|Any CPU
		Release|Any CPU = Release|Any CPU
	EndGlobalSection
	GlobalSection(ProjectConfigurationPlatforms) = postSolution
		{AE0BA6CA-B599-4577-94B6-E90A417D842A}.Debug|Any CPU.ActiveCfg = Debug|Any CPU
		{AE0BA6CA-B599-4577-94B6-E90A417D842A}.Debug|Any CPU.Build.0 = Debug|Any CPU
		{AE0BA6CA-B599-4577-94B6-E90A417D842A}.Release|Any CPU.ActiveCfg = Release|Any CPU
		{AE0BA6CA-B599-4577-94B6-E90A417D842A}.Release|Any CPU.Build.0 = Release|Any CPU
		{3685614E-22B1-4BD7-8BB8-FE2818D11708}.Debug|Any CPU.ActiveCfg = Debug|Any CPU
		{3685614E-22B1-4BD7-8BB8-FE2818D11708}.Debug|Any CPU.Build.0 = Debug|Any CPU
		{3685614E-22B1-4BD7-8BB8-FE2818D11708}.Release|Any CPU.ActiveCfg = Release|Any CPU
		{3685614E-22B1-4BD7-8BB8-FE2818D11708}.Release|Any CPU.Build.0 = Release|Any CPU
		{7A95F9A6-0F78-4AE7-AD73-2D602201AB56}.Debug|Any CPU.ActiveCfg = Debug|Any CPU
		{7A95F9A6-0F78-4AE7-AD73-2D602201AB56}.Debug|Any CPU.Build.0 = Debug|Any CPU
		{7A95F9A6-0F78-4AE7-AD73-2D602201AB56}.Release|Any CPU.ActiveCfg = Release|Any CPU
		{7A95F9A6-0F78-4AE7-AD73-2D602201AB56}.Release|Any CPU.Build.0 = Release|Any CPU
	EndGlobalSection
	GlobalSection(SolutionProperties) = preSolution
		HideSolutionNode = FALSE
	EndGlobalSection
	GlobalSection(ExtensibilityGlobals) = postSolution
		SolutionGuid = {282F9AA2-89D2-4B97-9987-FBD5565B8AFF}
	EndGlobalSection
EndGlobal
